
Microsoft Visual Studio Solution File, Format Version 12.00
# Visual Studio Version 16
VisualStudioVersion = 16.0.29609.76
MinimumVisualStudioVersion = 10.0.40219.1
Project("{9A19103F-16F7-4668-BE54-9A1E7A4F7556}") = "Domainr.EventStore.SqlServer", "Domainr.EventStore.SqlServer\Domainr.EventStore.SqlServer.csproj", "{B8304F40-13C1-42D7-BA6B-BE7F4D7EFABC}"
EndProject
Project("{9A19103F-16F7-4668-BE54-9A1E7A4F7556}") = "Domainr.EventStore.Sql.Tests", "Domainr.EventStore.Sql.Tests\Domainr.EventStore.Sql.Tests.csproj", "{D63038CF-CF85-48C9-95F3-E34DE3ED7F91}"
EndProject
Project("{9A19103F-16F7-4668-BE54-9A1E7A4F7556}") = "Domainr.EventStore.SqlServer.Cmd", "Domainr.EventStore.SqlServer.Cmd\Domainr.EventStore.SqlServer.Cmd.csproj", "{0B668C45-6465-431D-8992-00A6417A0E6B}"
EndProject
Project("{9A19103F-16F7-4668-BE54-9A1E7A4F7556}") = "Domainr.EventStore.Postgresql", "Domainr.EventStore.Postgresql\Domainr.EventStore.Postgresql.csproj", "{14270B79-EA2A-427D-AB07-480F91E6375D}"
EndProject
Project("{9A19103F-16F7-4668-BE54-9A1E7A4F7556}") = "Domainr.EventStore.MySql", "Domainr.EventStore.MySql\Domainr.EventStore.MySql.csproj", "{7C8E9AE4-E58F-4E70-889D-6EC81C0D35C1}"
EndProject
Project("{9A19103F-16F7-4668-BE54-9A1E7A4F7556}") = "Domainr.EventStore.Oracle", "Domainr.EventStore.Oracle\Domainr.EventStore.Oracle.csproj", "{4E6B675C-3845-40C2-ADA2-9C7128FBAC67}"
EndProject
Project("{9A19103F-16F7-4668-BE54-9A1E7A4F7556}") = "Domainr.EventStore.Sql", "Domainr.EventStore.Sql\Domainr.EventStore.Sql.csproj", "{5D05E06F-350C-4BC1-96E9-D7E73694AB92}"
EndProject
Global
	GlobalSection(SolutionConfigurationPlatforms) = preSolution
		Debug|Any CPU = Debug|Any CPU
		Release|Any CPU = Release|Any CPU
	EndGlobalSection
	GlobalSection(ProjectConfigurationPlatforms) = postSolution
		{B8304F40-13C1-42D7-BA6B-BE7F4D7EFABC}.Debug|Any CPU.ActiveCfg = Debug|Any CPU
		{B8304F40-13C1-42D7-BA6B-BE7F4D7EFABC}.Debug|Any CPU.Build.0 = Debug|Any CPU
		{B8304F40-13C1-42D7-BA6B-BE7F4D7EFABC}.Release|Any CPU.ActiveCfg = Release|Any CPU
		{B8304F40-13C1-42D7-BA6B-BE7F4D7EFABC}.Release|Any CPU.Build.0 = Release|Any CPU
		{D63038CF-CF85-48C9-95F3-E34DE3ED7F91}.Debug|Any CPU.ActiveCfg = Debug|Any CPU
		{D63038CF-CF85-48C9-95F3-E34DE3ED7F91}.Debug|Any CPU.Build.0 = Debug|Any CPU
		{D63038CF-CF85-48C9-95F3-E34DE3ED7F91}.Release|Any CPU.ActiveCfg = Release|Any CPU
		{D63038CF-CF85-48C9-95F3-E34DE3ED7F91}.Release|Any CPU.Build.0 = Release|Any CPU
		{0B668C45-6465-431D-8992-00A6417A0E6B}.Debug|Any CPU.ActiveCfg = Debug|Any CPU
		{0B668C45-6465-431D-8992-00A6417A0E6B}.Debug|Any CPU.Build.0 = Debug|Any CPU
		{0B668C45-6465-431D-8992-00A6417A0E6B}.Release|Any CPU.ActiveCfg = Release|Any CPU
		{0B668C45-6465-431D-8992-00A6417A0E6B}.Release|Any CPU.Build.0 = Release|Any CPU
		{14270B79-EA2A-427D-AB07-480F91E6375D}.Debug|Any CPU.ActiveCfg = Debug|Any CPU
		{14270B79-EA2A-427D-AB07-480F91E6375D}.Debug|Any CPU.Build.0 = Debug|Any CPU
		{14270B79-EA2A-427D-AB07-480F91E6375D}.Release|Any CPU.ActiveCfg = Release|Any CPU
		{14270B79-EA2A-427D-AB07-480F91E6375D}.Release|Any CPU.Build.0 = Release|Any CPU
		{7C8E9AE4-E58F-4E70-889D-6EC81C0D35C1}.Debug|Any CPU.ActiveCfg = Debug|Any CPU
		{7C8E9AE4-E58F-4E70-889D-6EC81C0D35C1}.Debug|Any CPU.Build.0 = Debug|Any CPU
		{7C8E9AE4-E58F-4E70-889D-6EC81C0D35C1}.Release|Any CPU.ActiveCfg = Release|Any CPU
		{7C8E9AE4-E58F-4E70-889D-6EC81C0D35C1}.Release|Any CPU.Build.0 = Release|Any CPU
		{4E6B675C-3845-40C2-ADA2-9C7128FBAC67}.Debug|Any CPU.ActiveCfg = Debug|Any CPU
		{4E6B675C-3845-40C2-ADA2-9C7128FBAC67}.Debug|Any CPU.Build.0 = Debug|Any CPU
		{4E6B675C-3845-40C2-ADA2-9C7128FBAC67}.Release|Any CPU.ActiveCfg = Release|Any CPU
		{4E6B675C-3845-40C2-ADA2-9C7128FBAC67}.Release|Any CPU.Build.0 = Release|Any CPU
		{5D05E06F-350C-4BC1-96E9-D7E73694AB92}.Debug|Any CPU.ActiveCfg = Debug|Any CPU
		{5D05E06F-350C-4BC1-96E9-D7E73694AB92}.Debug|Any CPU.Build.0 = Debug|Any CPU
		{5D05E06F-350C-4BC1-96E9-D7E73694AB92}.Release|Any CPU.ActiveCfg = Release|Any CPU
		{5D05E06F-350C-4BC1-96E9-D7E73694AB92}.Release|Any CPU.Build.0 = Release|Any CPU
	EndGlobalSection
	GlobalSection(SolutionProperties) = preSolution
		HideSolutionNode = FALSE
	EndGlobalSection
	GlobalSection(ExtensibilityGlobals) = postSolution
		SolutionGuid = {B6076CB8-19C1-4078-A9EB-BDB27C8957AC}
	EndGlobalSection
EndGlobal
