
Microsoft Visual Studio Solution File, Format Version 12.00
# Visual Studio Version 16
VisualStudioVersion = 16.0.29609.76
MinimumVisualStudioVersion = 10.0.40219.1
Project("{9A19103F-16F7-4668-BE54-9A1E7A4F7556}") = "Domainr.Messaging.Core", "Domainr.Messaging.Core\Domainr.Messaging.Core.csproj", "{2D44C25C-8526-4C67-AB66-C407905D54C7}"
EndProject
Project("{FAE04EC0-301F-11D3-BF4B-00C04F79EFBC}") = "Domainr.Messaging.DependencyInjection.NetCore", "Domainr.Messaging.DependencyInjection.NetCore\Domainr.Messaging.DependencyInjection.NetCore.csproj", "{279EC308-120C-4DF0-BBC7-FDA3E03893D3}"
EndProject
Project("{FAE04EC0-301F-11D3-BF4B-00C04F79EFBC}") = "Domainr.Messaging.Azure.ServiceBus", "Domainr.Messaging.Azure.ServiceBus\Domainr.Messaging.Azure.ServiceBus.csproj", "{56AC87E6-8760-4ECA-8716-4F54ACDC7221}"
EndProject
Global
	GlobalSection(SolutionConfigurationPlatforms) = preSolution
		Debug|Any CPU = Debug|Any CPU
		Release|Any CPU = Release|Any CPU
	EndGlobalSection
	GlobalSection(ProjectConfigurationPlatforms) = postSolution
		{2D44C25C-8526-4C67-AB66-C407905D54C7}.Debug|Any CPU.ActiveCfg = Debug|Any CPU
		{2D44C25C-8526-4C67-AB66-C407905D54C7}.Debug|Any CPU.Build.0 = Debug|Any CPU
		{2D44C25C-8526-4C67-AB66-C407905D54C7}.Release|Any CPU.ActiveCfg = Release|Any CPU
		{2D44C25C-8526-4C67-AB66-C407905D54C7}.Release|Any CPU.Build.0 = Release|Any CPU
		{279EC308-120C-4DF0-BBC7-FDA3E03893D3}.Debug|Any CPU.ActiveCfg = Debug|Any CPU
		{279EC308-120C-4DF0-BBC7-FDA3E03893D3}.Debug|Any CPU.Build.0 = Debug|Any CPU
		{279EC308-120C-4DF0-BBC7-FDA3E03893D3}.Release|Any CPU.ActiveCfg = Release|Any CPU
		{279EC308-120C-4DF0-BBC7-FDA3E03893D3}.Release|Any CPU.Build.0 = Release|Any CPU
		{56AC87E6-8760-4ECA-8716-4F54ACDC7221}.Debug|Any CPU.ActiveCfg = Debug|Any CPU
		{56AC87E6-8760-4ECA-8716-4F54ACDC7221}.Debug|Any CPU.Build.0 = Debug|Any CPU
		{56AC87E6-8760-4ECA-8716-4F54ACDC7221}.Release|Any CPU.ActiveCfg = Release|Any CPU
		{56AC87E6-8760-4ECA-8716-4F54ACDC7221}.Release|Any CPU.Build.0 = Release|Any CPU
	EndGlobalSection
	GlobalSection(SolutionProperties) = preSolution
		HideSolutionNode = FALSE
	EndGlobalSection
	GlobalSection(ExtensibilityGlobals) = postSolution
		SolutionGuid = {FDD5352B-2334-4073-9433-5512D6B21843}
	EndGlobalSection
EndGlobal
