
Microsoft Visual Studio Solution File, Format Version 12.00
# Visual Studio Version 16
VisualStudioVersion = 16.0.29609.76
MinimumVisualStudioVersion = 10.0.40219.1
Project("{9A19103F-16F7-4668-BE54-9A1E7A4F7556}") = "Mkss.Domainr.Core.Tests", "Mkss.Domainr.Core.Tests\Mkss.Domainr.Core.Tests.csproj", "{8FB72181-47F9-479E-A537-1A5AA3AFFD08}"
EndProject
Project("{FAE04EC0-301F-11D3-BF4B-00C04F79EFBC}") = "Mkss.Domainr.Core", "Mkss.Domainr.Core\Mkss.Domainr.Core.csproj", "{BB5022A7-B6DF-4B35-B3BB-5C3C3708B661}"
EndProject
Global
	GlobalSection(SolutionConfigurationPlatforms) = preSolution
		Debug|Any CPU = Debug|Any CPU
		Release|Any CPU = Release|Any CPU
	EndGlobalSection
	GlobalSection(ProjectConfigurationPlatforms) = postSolution
		{8FB72181-47F9-479E-A537-1A5AA3AFFD08}.Debug|Any CPU.ActiveCfg = Debug|Any CPU
		{8FB72181-47F9-479E-A537-1A5AA3AFFD08}.Debug|Any CPU.Build.0 = Debug|Any CPU
		{8FB72181-47F9-479E-A537-1A5AA3AFFD08}.Release|Any CPU.ActiveCfg = Release|Any CPU
		{8FB72181-47F9-479E-A537-1A5AA3AFFD08}.Release|Any CPU.Build.0 = Release|Any CPU
		{BB5022A7-B6DF-4B35-B3BB-5C3C3708B661}.Debug|Any CPU.ActiveCfg = Debug|Any CPU
		{BB5022A7-B6DF-4B35-B3BB-5C3C3708B661}.Debug|Any CPU.Build.0 = Debug|Any CPU
		{BB5022A7-B6DF-4B35-B3BB-5C3C3708B661}.Release|Any CPU.ActiveCfg = Release|Any CPU
		{BB5022A7-B6DF-4B35-B3BB-5C3C3708B661}.Release|Any CPU.Build.0 = Release|Any CPU
	EndGlobalSection
	GlobalSection(SolutionProperties) = preSolution
		HideSolutionNode = FALSE
	EndGlobalSection
	GlobalSection(ExtensibilityGlobals) = postSolution
		SolutionGuid = {B6076CB8-19C1-4078-A9EB-BDB27C8957AC}
	EndGlobalSection
EndGlobal
